# This file is automatically @generated by Cargo.
# It is not intended for manual editing.
version = 4

[[package]]
name = "kestrel"
version = "0.1.0"
dependencies = [
 "kestrel_codegen",
 "kestrel_common",
 "kestrel_ir",
 "kestrel_lexer",
 "kestrel_opt",
 "kestrel_parser",
 "kestrel_preprocessor",
 "kestrel_sema",
]

[[package]]
name = "kestrel_codegen"
version = "0.1.0"
dependencies = [
 "kestrel_common",
]

[[package]]
name = "kestrel_common"
version = "0.1.0"

[[package]]
name = "kestrel_driver"
version = "0.1.0"
dependencies = [
 "kestrel_common",
]

[[package]]
name = "kestrel_ir"
version = "0.1.0"
dependencies = [
 "kestrel_common",
]

[[package]]
name = "kestrel_lexer"
version = "0.1.0"
dependencies = [
 "kestrel_common",
]

[[package]]
name = "kestrel_opt"
version = "0.1.0"
dependencies = [
 "kestrel_common",
]

[[package]]
name = "kestrel_parser"
version = "0.1.0"
dependencies = [
 "kestrel_common",
]

[[package]]
name = "kestrel_preprocessor"
version = "0.1.0"
dependencies = [
 "kestrel_common",
]

[[package]]
name = "kestrel_sema"
version = "0.1.0"
dependencies = [
 "kestrel_common",
]
